
Microsoft Visual Studio Solution File, Format Version 12.00
# Visual Studio Version 17
VisualStudioVersion = 17.3.32825.248
MinimumVisualStudioVersion = 10.0.40219.1
Project("{9A19103F-16F7-4668-BE54-9A1E7A4F7556}") = "Web_053503_Rusakovich", "Web_053503_Rusakovich\Web_053503_Rusakovich.csproj", "{A80E2A82-1889-4AFE-8294-2F5541CD24F6}"
EndProject
Project("{9A19103F-16F7-4668-BE54-9A1E7A4F7556}") = "WEB_053503_Rusakovich.Blazor.Server", "WEB_053503_Rusakovich.Blazor\Server\WEB_053503_Rusakovich.Blazor.Server.csproj", "{9E984B7D-2B53-48BF-A0B3-86A1BECAC640}"
EndProject
Project("{9A19103F-16F7-4668-BE54-9A1E7A4F7556}") = "WEB_053503_Rusakovich.Blazor.Client", "WEB_053503_Rusakovich.Blazor\Client\WEB_053503_Rusakovich.Blazor.Client.csproj", "{2137D268-1B6C-4CD6-A361-6F8AE66EB2FA}"
EndProject
Project("{9A19103F-16F7-4668-BE54-9A1E7A4F7556}") = "WEB_053503_Rusakovich.Blazor.Shared", "WEB_053503_Rusakovich.Blazor\Shared\WEB_053503_Rusakovich.Blazor.Shared.csproj", "{5D7AEA4E-A0C8-4689-9FED-461F3969CFF7}"
EndProject
Global
	GlobalSection(SolutionConfigurationPlatforms) = preSolution
		Debug|Any CPU = Debug|Any CPU
		Release|Any CPU = Release|Any CPU
	EndGlobalSection
	GlobalSection(ProjectConfigurationPlatforms) = postSolution
		{A80E2A82-1889-4AFE-8294-2F5541CD24F6}.Debug|Any CPU.ActiveCfg = Debug|Any CPU
		{A80E2A82-1889-4AFE-8294-2F5541CD24F6}.Debug|Any CPU.Build.0 = Debug|Any CPU
		{A80E2A82-1889-4AFE-8294-2F5541CD24F6}.Release|Any CPU.ActiveCfg = Release|Any CPU
		{A80E2A82-1889-4AFE-8294-2F5541CD24F6}.Release|Any CPU.Build.0 = Release|Any CPU
		{9E984B7D-2B53-48BF-A0B3-86A1BECAC640}.Debug|Any CPU.ActiveCfg = Debug|Any CPU
		{9E984B7D-2B53-48BF-A0B3-86A1BECAC640}.Debug|Any CPU.Build.0 = Debug|Any CPU
		{9E984B7D-2B53-48BF-A0B3-86A1BECAC640}.Release|Any CPU.ActiveCfg = Release|Any CPU
		{9E984B7D-2B53-48BF-A0B3-86A1BECAC640}.Release|Any CPU.Build.0 = Release|Any CPU
		{2137D268-1B6C-4CD6-A361-6F8AE66EB2FA}.Debug|Any CPU.ActiveCfg = Debug|Any CPU
		{2137D268-1B6C-4CD6-A361-6F8AE66EB2FA}.Debug|Any CPU.Build.0 = Debug|Any CPU
		{2137D268-1B6C-4CD6-A361-6F8AE66EB2FA}.Release|Any CPU.ActiveCfg = Release|Any CPU
		{2137D268-1B6C-4CD6-A361-6F8AE66EB2FA}.Release|Any CPU.Build.0 = Release|Any CPU
		{5D7AEA4E-A0C8-4689-9FED-461F3969CFF7}.Debug|Any CPU.ActiveCfg = Debug|Any CPU
		{5D7AEA4E-A0C8-4689-9FED-461F3969CFF7}.Debug|Any CPU.Build.0 = Debug|Any CPU
		{5D7AEA4E-A0C8-4689-9FED-461F3969CFF7}.Release|Any CPU.ActiveCfg = Release|Any CPU
		{5D7AEA4E-A0C8-4689-9FED-461F3969CFF7}.Release|Any CPU.Build.0 = Release|Any CPU
	EndGlobalSection
	GlobalSection(SolutionProperties) = preSolution
		HideSolutionNode = FALSE
	EndGlobalSection
	GlobalSection(ExtensibilityGlobals) = postSolution
		SolutionGuid = {906377B7-1A6A-4F61-A43B-AB0530C346E0}
	EndGlobalSection
EndGlobal
